
Microsoft Visual Studio Solution File, Format Version 12.00
# Visual Studio Version 17
VisualStudioVersion = 17.7.34031.279
MinimumVisualStudioVersion = 10.0.40219.1
Project("{9A19103F-16F7-4668-BE54-9A1E7A4F7556}") = "RainfallAPI", "RainfallAPI\RainfallAPI.csproj", "{C6BB1137-9CF4-4290-A3F9-BBF38949D02D}"
EndProject
Project("{FAE04EC0-301F-11D3-BF4B-00C04F79EFBC}") = "RainfallAPI.Tests", "RainfallAPI.Tests\RainfallAPI.Tests.csproj", "{A3B2059A-884A-4BDC-BCAC-37EDCC471C3B}"
EndProject
Global
	GlobalSection(SolutionConfigurationPlatforms) = preSolution
		Debug|Any CPU = Debug|Any CPU
		Release|Any CPU = Release|Any CPU
	EndGlobalSection
	GlobalSection(ProjectConfigurationPlatforms) = postSolution
		{C6BB1137-9CF4-4290-A3F9-BBF38949D02D}.Debug|Any CPU.ActiveCfg = Debug|Any CPU
		{C6BB1137-9CF4-4290-A3F9-BBF38949D02D}.Debug|Any CPU.Build.0 = Debug|Any CPU
		{C6BB1137-9CF4-4290-A3F9-BBF38949D02D}.Release|Any CPU.ActiveCfg = Release|Any CPU
		{C6BB1137-9CF4-4290-A3F9-BBF38949D02D}.Release|Any CPU.Build.0 = Release|Any CPU
		{A3B2059A-884A-4BDC-BCAC-37EDCC471C3B}.Debug|Any CPU.ActiveCfg = Debug|Any CPU
		{A3B2059A-884A-4BDC-BCAC-37EDCC471C3B}.Debug|Any CPU.Build.0 = Debug|Any CPU
		{A3B2059A-884A-4BDC-BCAC-37EDCC471C3B}.Release|Any CPU.ActiveCfg = Release|Any CPU
		{A3B2059A-884A-4BDC-BCAC-37EDCC471C3B}.Release|Any CPU.Build.0 = Release|Any CPU
	EndGlobalSection
	GlobalSection(SolutionProperties) = preSolution
		HideSolutionNode = FALSE
	EndGlobalSection
	GlobalSection(ExtensibilityGlobals) = postSolution
		SolutionGuid = {E42A152E-8D5A-4F4A-B5EF-6121DCE4DBAF}
	EndGlobalSection
EndGlobal
